// !$*UTF8*$!
{
	archiveVersion = 1;
	classes = {
	};
	objectVersion = 56;
	objects = {

/* Begin PBXBuildFile section */
		54028DB12A290746002DF227 /* ADT_DemoApp.swift in Sources */ = {isa = PBXBuildFile; fileRef = 54028DB02A290746002DF227 /* ADT_DemoApp.swift */; };
		54028DB32A290746002DF227 /* ContentView.swift in Sources */ = {isa = PBXBuildFile; fileRef = 54028DB22A290746002DF227 /* ContentView.swift */; };
		54028DB52A290749002DF227 /* Assets.xcassets in Resources */ = {isa = PBXBuildFile; fileRef = 54028DB42A290749002DF227 /* Assets.xcassets */; };
		54028DB82A290749002DF227 /* Preview Assets.xcassets in Resources */ = {isa = PBXBuildFile; fileRef = 54028DB72A290749002DF227 /* Preview Assets.xcassets */; };
		54028DC22A29074A002DF227 /* ADT_DemoTests.swift in Sources */ = {isa = PBXBuildFile; fileRef = 54028DC12A29074A002DF227 /* ADT_DemoTests.swift */; };
		54028DCC2A29074A002DF227 /* ADT_DemoUITests.swift in Sources */ = {isa = PBXBuildFile; fileRef = 54028DCB2A29074A002DF227 /* ADT_DemoUITests.swift */; };
		54028DCE2A29074A002DF227 /* ADT_DemoUITestsLaunchTests.swift in Sources */ = {isa = PBXBuildFile; fileRef = 54028DCD2A29074A002DF227 /* ADT_DemoUITestsLaunchTests.swift */; };
		54028DDE2A290819002DF227 /* Episode.swift in Sources */ = {isa = PBXBuildFile; fileRef = 54028DDD2A290819002DF227 /* Episode.swift */; };
		54028DDF2A290819002DF227 /* Episode.swift in Sources */ = {isa = PBXBuildFile; fileRef = 54028DDD2A290819002DF227 /* Episode.swift */; };
		54028DE22A2908FF002DF227 /* NetworkService.swift in Sources */ = {isa = PBXBuildFile; fileRef = 54028DE12A2908FF002DF227 /* NetworkService.swift */; };
		54028DE32A2908FF002DF227 /* NetworkService.swift in Sources */ = {isa = PBXBuildFile; fileRef = 54028DE12A2908FF002DF227 /* NetworkService.swift */; };
		54028DE52A290971002DF227 /* EpisodeViewModel.swift in Sources */ = {isa = PBXBuildFile; fileRef = 54028DE42A290971002DF227 /* EpisodeViewModel.swift */; };
		54028DE62A290971002DF227 /* EpisodeViewModel.swift in Sources */ = {isa = PBXBuildFile; fileRef = 54028DE42A290971002DF227 /* EpisodeViewModel.swift */; };
		54028DE82A290EB7002DF227 /* EpisodeDetailsView.swift in Sources */ = {isa = PBXBuildFile; fileRef = 54028DE72A290EB7002DF227 /* EpisodeDetailsView.swift */; };
		54028DE92A290EB7002DF227 /* EpisodeDetailsView.swift in Sources */ = {isa = PBXBuildFile; fileRef = 54028DE72A290EB7002DF227 /* EpisodeDetailsView.swift */; };
		54028DEA2A290EB7002DF227 /* EpisodeDetailsView.swift in Sources */ = {isa = PBXBuildFile; fileRef = 54028DE72A290EB7002DF227 /* EpisodeDetailsView.swift */; };
/* End PBXBuildFile section */

/* Begin PBXContainerItemProxy section */
		54028DBE2A29074A002DF227 /* PBXContainerItemProxy */ = {
			isa = PBXContainerItemProxy;
			containerPortal = 54028DA52A290746002DF227 /* Project object */;
			proxyType = 1;
			remoteGlobalIDString = 54028DAC2A290746002DF227;
			remoteInfo = "ADT-Demo";
		};
		54028DC82A29074A002DF227 /* PBXContainerItemProxy */ = {
			isa = PBXContainerItemProxy;
			containerPortal = 54028DA52A290746002DF227 /* Project object */;
			proxyType = 1;
			remoteGlobalIDString = 54028DAC2A290746002DF227;
			remoteInfo = "ADT-Demo";
		};
/* End PBXContainerItemProxy section */

/* Begin PBXFileReference section */
		54028DAD2A290746002DF227 /* ADT-Demo.app */ = {isa = PBXFileReference; explicitFileType = wrapper.application; includeInIndex = 0; path = "ADT-Demo.app"; sourceTree = BUILT_PRODUCTS_DIR; };
		54028DB02A290746002DF227 /* ADT_DemoApp.swift */ = {isa = PBXFileReference; lastKnownFileType = sourcecode.swift; path = ADT_DemoApp.swift; sourceTree = "<group>"; };
		54028DB22A290746002DF227 /* ContentView.swift */ = {isa = PBXFileReference; lastKnownFileType = sourcecode.swift; path = ContentView.swift; sourceTree = "<group>"; };
		54028DB42A290749002DF227 /* Assets.xcassets */ = {isa = PBXFileReference; lastKnownFileType = folder.assetcatalog; path = Assets.xcassets; sourceTree = "<group>"; };
		54028DB72A290749002DF227 /* Preview Assets.xcassets */ = {isa = PBXFileReference; lastKnownFileType = folder.assetcatalog; path = "Preview Assets.xcassets"; sourceTree = "<group>"; };
		54028DBD2A29074A002DF227 /* ADT-DemoTests.xctest */ = {isa = PBXFileReference; explicitFileType = wrapper.cfbundle; includeInIndex = 0; path = "ADT-DemoTests.xctest"; sourceTree = BUILT_PRODUCTS_DIR; };
		54028DC12A29074A002DF227 /* ADT_DemoTests.swift */ = {isa = PBXFileReference; lastKnownFileType = sourcecode.swift; path = ADT_DemoTests.swift; sourceTree = "<group>"; };
		54028DC72A29074A002DF227 /* ADT-DemoUITests.xctest */ = {isa = PBXFileReference; explicitFileType = wrapper.cfbundle; includeInIndex = 0; path = "ADT-DemoUITests.xctest"; sourceTree = BUILT_PRODUCTS_DIR; };
		54028DCB2A29074A002DF227 /* ADT_DemoUITests.swift */ = {isa = PBXFileReference; lastKnownFileType = sourcecode.swift; path = ADT_DemoUITests.swift; sourceTree = "<group>"; };
		54028DCD2A29074A002DF227 /* ADT_DemoUITestsLaunchTests.swift */ = {isa = PBXFileReference; lastKnownFileType = sourcecode.swift; path = ADT_DemoUITestsLaunchTests.swift; sourceTree = "<group>"; };
		54028DDD2A290819002DF227 /* Episode.swift */ = {isa = PBXFileReference; lastKnownFileType = sourcecode.swift; path = Episode.swift; sourceTree = "<group>"; };
		54028DE12A2908FF002DF227 /* NetworkService.swift */ = {isa = PBXFileReference; lastKnownFileType = sourcecode.swift; path = NetworkService.swift; sourceTree = "<group>"; };
		54028DE42A290971002DF227 /* EpisodeViewModel.swift */ = {isa = PBXFileReference; lastKnownFileType = sourcecode.swift; path = EpisodeViewModel.swift; sourceTree = "<group>"; };
		54028DE72A290EB7002DF227 /* EpisodeDetailsView.swift */ = {isa = PBXFileReference; lastKnownFileType = sourcecode.swift; path = EpisodeDetailsView.swift; sourceTree = "<group>"; };
/* End PBXFileReference section */

/* Begin PBXFrameworksBuildPhase section */
		54028DAA2A290746002DF227 /* Frameworks */ = {
			isa = PBXFrameworksBuildPhase;
			buildActionMask = 2147483647;
			files = (
			);
			runOnlyForDeploymentPostprocessing = 0;
		};
		54028DBA2A29074A002DF227 /* Frameworks */ = {
			isa = PBXFrameworksBuildPhase;
			buildActionMask = 2147483647;
			files = (
			);
			runOnlyForDeploymentPostprocessing = 0;
		};
		54028DC42A29074A002DF227 /* Frameworks */ = {
			isa = PBXFrameworksBuildPhase;
			buildActionMask = 2147483647;
			files = (
			);
			runOnlyForDeploymentPostprocessing = 0;
		};
/* End PBXFrameworksBuildPhase section */

/* Begin PBXGroup section */
		54028DA42A290746002DF227 = {
			isa = PBXGroup;
			children = (
				54028DAF2A290746002DF227 /* ADT-Demo */,
				54028DC02A29074A002DF227 /* ADT-DemoTests */,
				54028DCA2A29074A002DF227 /* ADT-DemoUITests */,
				54028DAE2A290746002DF227 /* Products */,
			);
			sourceTree = "<group>";
		};
		54028DAE2A290746002DF227 /* Products */ = {
			isa = PBXGroup;
			children = (
				54028DAD2A290746002DF227 /* ADT-Demo.app */,
				54028DBD2A29074A002DF227 /* ADT-DemoTests.xctest */,
				54028DC72A29074A002DF227 /* ADT-DemoUITests.xctest */,
			);
			name = Products;
			sourceTree = "<group>";
		};
		54028DAF2A290746002DF227 /* ADT-Demo */ = {
			isa = PBXGroup;
			children = (
				54028DE02A2908E3002DF227 /* Services */,
				54028DDC2A2907F1002DF227 /* Views */,
				54028DDB2A2907E5002DF227 /* ViewModels */,
				54028DDA2A2907DB002DF227 /* Models */,
				54028DB02A290746002DF227 /* ADT_DemoApp.swift */,
				54028DB42A290749002DF227 /* Assets.xcassets */,
				54028DB62A290749002DF227 /* Preview Content */,
			);
			path = "ADT-Demo";
			sourceTree = "<group>";
		};
		54028DB62A290749002DF227 /* Preview Content */ = {
			isa = PBXGroup;
			children = (
				54028DB72A290749002DF227 /* Preview Assets.xcassets */,
			);
			path = "Preview Content";
			sourceTree = "<group>";
		};
		54028DC02A29074A002DF227 /* ADT-DemoTests */ = {
			isa = PBXGroup;
			children = (
				54028DC12A29074A002DF227 /* ADT_DemoTests.swift */,
			);
			path = "ADT-DemoTests";
			sourceTree = "<group>";
		};
		54028DCA2A29074A002DF227 /* ADT-DemoUITests */ = {
			isa = PBXGroup;
			children = (
				54028DCB2A29074A002DF227 /* ADT_DemoUITests.swift */,
				54028DCD2A29074A002DF227 /* ADT_DemoUITestsLaunchTests.swift */,
			);
			path = "ADT-DemoUITests";
			sourceTree = "<group>";
		};
		54028DDA2A2907DB002DF227 /* Models */ = {
			isa = PBXGroup;
			children = (
				54028DDD2A290819002DF227 /* Episode.swift */,
			);
			path = Models;
			sourceTree = "<group>";
		};
		54028DDB2A2907E5002DF227 /* ViewModels */ = {
			isa = PBXGroup;
			children = (
				54028DE42A290971002DF227 /* EpisodeViewModel.swift */,
			);
			path = ViewModels;
			sourceTree = "<group>";
		};
		54028DDC2A2907F1002DF227 /* Views */ = {
			isa = PBXGroup;
			children = (
				54028DB22A290746002DF227 /* ContentView.swift */,
				54028DE72A290EB7002DF227 /* EpisodeDetailsView.swift */,
			);
			path = Views;
			sourceTree = "<group>";
		};
		54028DE02A2908E3002DF227 /* Services */ = {
			isa = PBXGroup;
			children = (
				54028DE12A2908FF002DF227 /* NetworkService.swift */,
			);
			path = Services;
			sourceTree = "<group>";
		};
/* End PBXGroup section */

/* Begin PBXNativeTarget section */
		54028DAC2A290746002DF227 /* ADT-Demo */ = {
			isa = PBXNativeTarget;
			buildConfigurationList = 54028DD12A29074A002DF227 /* Build configuration list for PBXNativeTarget "ADT-Demo" */;
			buildPhases = (
				54028DA92A290746002DF227 /* Sources */,
				54028DAA2A290746002DF227 /* Frameworks */,
				54028DAB2A290746002DF227 /* Resources */,
			);
			buildRules = (
			);
			dependencies = (
			);
			name = "ADT-Demo";
			productName = "ADT-Demo";
			productReference = 54028DAD2A290746002DF227 /* ADT-Demo.app */;
			productType = "com.apple.product-type.application";
		};
		54028DBC2A29074A002DF227 /* ADT-DemoTests */ = {
			isa = PBXNativeTarget;
			buildConfigurationList = 54028DD42A29074A002DF227 /* Build configuration list for PBXNativeTarget "ADT-DemoTests" */;
			buildPhases = (
				54028DB92A29074A002DF227 /* Sources */,
				54028DBA2A29074A002DF227 /* Frameworks */,
				54028DBB2A29074A002DF227 /* Resources */,
			);
			buildRules = (
			);
			dependencies = (
				54028DBF2A29074A002DF227 /* PBXTargetDependency */,
			);
			name = "ADT-DemoTests";
			productName = "ADT-DemoTests";
			productReference = 54028DBD2A29074A002DF227 /* ADT-DemoTests.xctest */;
			productType = "com.apple.product-type.bundle.unit-test";
		};
		54028DC62A29074A002DF227 /* ADT-DemoUITests */ = {
			isa = PBXNativeTarget;
			buildConfigurationList = 54028DD72A29074A002DF227 /* Build configuration list for PBXNativeTarget "ADT-DemoUITests" */;
			buildPhases = (
				54028DC32A29074A002DF227 /* Sources */,
				54028DC42A29074A002DF227 /* Frameworks */,
				54028DC52A29074A002DF227 /* Resources */,
			);
			buildRules = (
			);
			dependencies = (
				54028DC92A29074A002DF227 /* PBXTargetDependency */,
			);
			name = "ADT-DemoUITests";
			productName = "ADT-DemoUITests";
			productReference = 54028DC72A29074A002DF227 /* ADT-DemoUITests.xctest */;
			productType = "com.apple.product-type.bundle.ui-testing";
		};
/* End PBXNativeTarget section */

/* Begin PBXProject section */
		54028DA52A290746002DF227 /* Project object */ = {
			isa = PBXProject;
			attributes = {
				BuildIndependentTargetsInParallel = 1;
				LastSwiftUpdateCheck = 1430;
				LastUpgradeCheck = 1430;
				TargetAttributes = {
					54028DAC2A290746002DF227 = {
						CreatedOnToolsVersion = 14.3;
					};
					54028DBC2A29074A002DF227 = {
						CreatedOnToolsVersion = 14.3;
						TestTargetID = 54028DAC2A290746002DF227;
					};
					54028DC62A29074A002DF227 = {
						CreatedOnToolsVersion = 14.3;
						TestTargetID = 54028DAC2A290746002DF227;
					};
				};
			};
			buildConfigurationList = 54028DA82A290746002DF227 /* Build configuration list for PBXProject "ADT-Demo" */;
			compatibilityVersion = "Xcode 14.0";
			developmentRegion = en;
			hasScannedForEncodings = 0;
			knownRegions = (
				en,
				Base,
			);
			mainGroup = 54028DA42A290746002DF227;
			productRefGroup = 54028DAE2A290746002DF227 /* Products */;
			projectDirPath = "";
			projectRoot = "";
			targets = (
				54028DAC2A290746002DF227 /* ADT-Demo */,
				54028DBC2A29074A002DF227 /* ADT-DemoTests */,
				54028DC62A29074A002DF227 /* ADT-DemoUITests */,
			);
		};
/* End PBXProject section */

/* Begin PBXResourcesBuildPhase section */
		54028DAB2A290746002DF227 /* Resources */ = {
			isa = PBXResourcesBuildPhase;
			buildActionMask = 2147483647;
			files = (
				54028DB82A290749002DF227 /* Preview Assets.xcassets in Resources */,
				54028DB52A290749002DF227 /* Assets.xcassets in Resources */,
			);
			runOnlyForDeploymentPostprocessing = 0;
		};
		54028DBB2A29074A002DF227 /* Resources */ = {
			isa = PBXResourcesBuildPhase;
			buildActionMask = 2147483647;
			files = (
			);
			runOnlyForDeploymentPostprocessing = 0;
		};
		54028DC52A29074A002DF227 /* Resources */ = {
			isa = PBXResourcesBuildPhase;
			buildActionMask = 2147483647;
			files = (
			);
			runOnlyForDeploymentPostprocessing = 0;
		};
/* End PBXResourcesBuildPhase section */

/* Begin PBXSourcesBuildPhase section */
		54028DA92A290746002DF227 /* Sources */ = {
			isa = PBXSourcesBuildPhase;
			buildActionMask = 2147483647;
			files = (
				54028DB32A290746002DF227 /* ContentView.swift in Sources */,
				54028DE82A290EB7002DF227 /* EpisodeDetailsView.swift in Sources */,
				54028DDE2A290819002DF227 /* Episode.swift in Sources */,
				54028DE22A2908FF002DF227 /* NetworkService.swift in Sources */,
				54028DE52A290971002DF227 /* EpisodeViewModel.swift in Sources */,
				54028DB12A290746002DF227 /* ADT_DemoApp.swift in Sources */,
			);
			runOnlyForDeploymentPostprocessing = 0;
		};
		54028DB92A29074A002DF227 /* Sources */ = {
			isa = PBXSourcesBuildPhase;
			buildActionMask = 2147483647;
			files = (
				54028DC22A29074A002DF227 /* ADT_DemoTests.swift in Sources */,
				54028DE32A2908FF002DF227 /* NetworkService.swift in Sources */,
				54028DE62A290971002DF227 /* EpisodeViewModel.swift in Sources */,
				54028DDF2A290819002DF227 /* Episode.swift in Sources */,
				54028DE92A290EB7002DF227 /* EpisodeDetailsView.swift in Sources */,
			);
			runOnlyForDeploymentPostprocessing = 0;
		};
		54028DC32A29074A002DF227 /* Sources */ = {
			isa = PBXSourcesBuildPhase;
			buildActionMask = 2147483647;
			files = (
				54028DCE2A29074A002DF227 /* ADT_DemoUITestsLaunchTests.swift in Sources */,
				54028DEA2A290EB7002DF227 /* EpisodeDetailsView.swift in Sources */,
				54028DCC2A29074A002DF227 /* ADT_DemoUITests.swift in Sources */,
			);
			runOnlyForDeploymentPostprocessing = 0;
		};
/* End PBXSourcesBuildPhase section */

/* Begin PBXTargetDependency section */
		54028DBF2A29074A002DF227 /* PBXTargetDependency */ = {
			isa = PBXTargetDependency;
			target = 54028DAC2A290746002DF227 /* ADT-Demo */;
			targetProxy = 54028DBE2A29074A002DF227 /* PBXContainerItemProxy */;
		};
		54028DC92A29074A002DF227 /* PBXTargetDependency */ = {
			isa = PBXTargetDependency;
			target = 54028DAC2A290746002DF227 /* ADT-Demo */;
			targetProxy = 54028DC82A29074A002DF227 /* PBXContainerItemProxy */;
		};
/* End PBXTargetDependency section */

/* Begin XCBuildConfiguration section */
		54028DCF2A29074A002DF227 /* Debug */ = {
			isa = XCBuildConfiguration;
			buildSettings = {
				ALWAYS_SEARCH_USER_PATHS = NO;
				CLANG_ANALYZER_NONNULL = YES;
				CLANG_ANALYZER_NUMBER_OBJECT_CONVERSION = YES_AGGRESSIVE;
				CLANG_CXX_LANGUAGE_STANDARD = "gnu++20";
				CLANG_ENABLE_MODULES = YES;
				CLANG_ENABLE_OBJC_ARC = YES;
				CLANG_ENABLE_OBJC_WEAK = YES;
				CLANG_WARN_BLOCK_CAPTURE_AUTORELEASING = YES;
				CLANG_WARN_BOOL_CONVERSION = YES;
				CLANG_WARN_COMMA = YES;
				CLANG_WARN_CONSTANT_CONVERSION = YES;
				CLANG_WARN_DEPRECATED_OBJC_IMPLEMENTATIONS = YES;
				CLANG_WARN_DIRECT_OBJC_ISA_USAGE = YES_ERROR;
				CLANG_WARN_DOCUMENTATION_COMMENTS = YES;
				CLANG_WARN_EMPTY_BODY = YES;
				CLANG_WARN_ENUM_CONVERSION = YES;
				CLANG_WARN_INFINITE_RECURSION = YES;
				CLANG_WARN_INT_CONVERSION = YES;
				CLANG_WARN_NON_LITERAL_NULL_CONVERSION = YES;
				CLANG_WARN_OBJC_IMPLICIT_RETAIN_SELF = YES;
				CLANG_WARN_OBJC_LITERAL_CONVERSION = YES;
				CLANG_WARN_OBJC_ROOT_CLASS = YES_ERROR;
				CLANG_WARN_QUOTED_INCLUDE_IN_FRAMEWORK_HEADER = YES;
				CLANG_WARN_RANGE_LOOP_ANALYSIS = YES;
				CLANG_WARN_STRICT_PROTOTYPES = YES;
				CLANG_WARN_SUSPICIOUS_MOVE = YES;
				CLANG_WARN_UNGUARDED_AVAILABILITY = YES_AGGRESSIVE;
				CLANG_WARN_UNREACHABLE_CODE = YES;
				CLANG_WARN__DUPLICATE_METHOD_MATCH = YES;
				COPY_PHASE_STRIP = NO;
				DEBUG_INFORMATION_FORMAT = dwarf;
				ENABLE_STRICT_OBJC_MSGSEND = YES;
				ENABLE_TESTABILITY = YES;
				GCC_C_LANGUAGE_STANDARD = gnu11;
				GCC_DYNAMIC_NO_PIC = NO;
				GCC_NO_COMMON_BLOCKS = YES;
				GCC_OPTIMIZATION_LEVEL = 0;
				GCC_PREPROCESSOR_DEFINITIONS = (
					"DEBUG=1",
					"$(inherited)",
				);
				GCC_WARN_64_TO_32_BIT_CONVERSION = YES;
				GCC_WARN_ABOUT_RETURN_TYPE = YES_ERROR;
				GCC_WARN_UNDECLARED_SELECTOR = YES;
				GCC_WARN_UNINITIALIZED_AUTOS = YES_AGGRESSIVE;
				GCC_WARN_UNUSED_FUNCTION = YES;
				GCC_WARN_UNUSED_VARIABLE = YES;
				IPHONEOS_DEPLOYMENT_TARGET = 16.4;
				MTL_ENABLE_DEBUG_INFO = INCLUDE_SOURCE;
				MTL_FAST_MATH = YES;
				ONLY_ACTIVE_ARCH = YES;
				SDKROOT = iphoneos;
				SWIFT_ACTIVE_COMPILATION_CONDITIONS = DEBUG;
				SWIFT_OPTIMIZATION_LEVEL = "-Onone";
			};
			name = Debug;
		};
		54028DD02A29074A002DF227 /* Release */ = {
			isa = XCBuildConfiguration;
			buildSettings = {
				ALWAYS_SEARCH_USER_PATHS = NO;
				CLANG_ANALYZER_NONNULL = YES;
				CLANG_ANALYZER_NUMBER_OBJECT_CONVERSION = YES_AGGRESSIVE;
				CLANG_CXX_LANGUAGE_STANDARD = "gnu++20";
				CLANG_ENABLE_MODULES = YES;
				CLANG_ENABLE_OBJC_ARC = YES;
				CLANG_ENABLE_OBJC_WEAK = YES;
				CLANG_WARN_BLOCK_CAPTURE_AUTORELEASING = YES;
				CLANG_WARN_BOOL_CONVERSION = YES;
				CLANG_WARN_COMMA = YES;
				CLANG_WARN_CONSTANT_CONVERSION = YES;
				CLANG_WARN_DEPRECATED_OBJC_IMPLEMENTATIONS = YES;
				CLANG_WARN_DIRECT_OBJC_ISA_USAGE = YES_ERROR;
				CLANG_WARN_DOCUMENTATION_COMMENTS = YES;
				CLANG_WARN_EMPTY_BODY = YES;
				CLANG_WARN_ENUM_CONVERSION = YES;
				CLANG_WARN_INFINITE_RECURSION = YES;
				CLANG_WARN_INT_CONVERSION = YES;
				CLANG_WARN_NON_LITERAL_NULL_CONVERSION = YES;
				CLANG_WARN_OBJC_IMPLICIT_RETAIN_SELF = YES;
				CLANG_WARN_OBJC_LITERAL_CONVERSION = YES;
				CLANG_WARN_OBJC_ROOT_CLASS = YES_ERROR;
				CLANG_WARN_QUOTED_INCLUDE_IN_FRAMEWORK_HEADER = YES;
				CLANG_WARN_RANGE_LOOP_ANALYSIS = YES;
				CLANG_WARN_STRICT_PROTOTYPES = YES;
				CLANG_WARN_SUSPICIOUS_MOVE = YES;
				CLANG_WARN_UNGUARDED_AVAILABILITY = YES_AGGRESSIVE;
				CLANG_WARN_UNREACHABLE_CODE = YES;
				CLANG_WARN__DUPLICATE_METHOD_MATCH = YES;
				COPY_PHASE_STRIP = NO;
				DEBUG_INFORMATION_FORMAT = "dwarf-with-dsym";
				ENABLE_NS_ASSERTIONS = NO;
				ENABLE_STRICT_OBJC_MSGSEND = YES;
				GCC_C_LANGUAGE_STANDARD = gnu11;
				GCC_NO_COMMON_BLOCKS = YES;
				GCC_WARN_64_TO_32_BIT_CONVERSION = YES;
				GCC_WARN_ABOUT_RETURN_TYPE = YES_ERROR;
				GCC_WARN_UNDECLARED_SELECTOR = YES;
				GCC_WARN_UNINITIALIZED_AUTOS = YES_AGGRESSIVE;
				GCC_WARN_UNUSED_FUNCTION = YES;
				GCC_WARN_UNUSED_VARIABLE = YES;
				IPHONEOS_DEPLOYMENT_TARGET = 16.4;
				MTL_ENABLE_DEBUG_INFO = NO;
				MTL_FAST_MATH = YES;
				SDKROOT = iphoneos;
				SWIFT_COMPILATION_MODE = wholemodule;
				SWIFT_OPTIMIZATION_LEVEL = "-O";
				VALIDATE_PRODUCT = YES;
			};
			name = Release;
		};
		54028DD22A29074A002DF227 /* Debug */ = {
			isa = XCBuildConfiguration;
			buildSettings = {
				ASSETCATALOG_COMPILER_APPICON_NAME = AppIcon;
				ASSETCATALOG_COMPILER_GLOBAL_ACCENT_COLOR_NAME = AccentColor;
				CODE_SIGN_STYLE = Automatic;
				CURRENT_PROJECT_VERSION = 1;
				DEVELOPMENT_ASSET_PATHS = "\"ADT-Demo/Preview Content\"";
				DEVELOPMENT_TEAM = R38R58XREB;
				ENABLE_PREVIEWS = YES;
				GENERATE_INFOPLIST_FILE = YES;
				INFOPLIST_KEY_UIApplicationSceneManifest_Generation = YES;
				INFOPLIST_KEY_UIApplicationSupportsIndirectInputEvents = YES;
				INFOPLIST_KEY_UILaunchScreen_Generation = YES;
				INFOPLIST_KEY_UISupportedInterfaceOrientations_iPad = "UIInterfaceOrientationPortrait UIInterfaceOrientationPortraitUpsideDown UIInterfaceOrientationLandscapeLeft UIInterfaceOrientationLandscapeRight";
				INFOPLIST_KEY_UISupportedInterfaceOrientations_iPhone = "UIInterfaceOrientationPortrait UIInterfaceOrientationLandscapeLeft UIInterfaceOrientationLandscapeRight";
				LD_RUNPATH_SEARCH_PATHS = (
					"$(inherited)",
					"@executable_path/Frameworks",
				);
				MARKETING_VERSION = 1.0;
				PRODUCT_BUNDLE_IDENTIFIER = "com.kaykay.kk.ADT-Demo";
				PRODUCT_NAME = "$(TARGET_NAME)";
				SWIFT_EMIT_LOC_STRINGS = YES;
				SWIFT_VERSION = 5.0;
				TARGETED_DEVICE_FAMILY = "1,2";
			};
			name = Debug;
		};
		54028DD32A29074A002DF227 /* Release */ = {
			isa = XCBuildConfiguration;
			buildSettings = {
				ASSETCATALOG_COMPILER_APPICON_NAME = AppIcon;
				ASSETCATALOG_COMPILER_GLOBAL_ACCENT_COLOR_NAME = AccentColor;
				CODE_SIGN_STYLE = Automatic;
				CURRENT_PROJECT_VERSION = 1;
				DEVELOPMENT_ASSET_PATHS = "\"ADT-Demo/Preview Content\"";
				DEVELOPMENT_TEAM = R38R58XREB;
				ENABLE_PREVIEWS = YES;
				GENERATE_INFOPLIST_FILE = YES;
				INFOPLIST_KEY_UIApplicationSceneManifest_Generation = YES;
				INFOPLIST_KEY_UIApplicationSupportsIndirectInputEvents = YES;
				INFOPLIST_KEY_UILaunchScreen_Generation = YES;
				INFOPLIST_KEY_UISupportedInterfaceOrientations_iPad = "UIInterfaceOrientationPortrait UIInterfaceOrientationPortraitUpsideDown UIInterfaceOrientationLandscapeLeft UIInterfaceOrientationLandscapeRight";
				INFOPLIST_KEY_UISupportedInterfaceOrientations_iPhone = "UIInterfaceOrientationPortrait UIInterfaceOrientationLandscapeLeft UIInterfaceOrientationLandscapeRight";
				LD_RUNPATH_SEARCH_PATHS = (
					"$(inherited)",
					"@executable_path/Frameworks",
				);
				MARKETING_VERSION = 1.0;
				PRODUCT_BUNDLE_IDENTIFIER = "com.kaykay.kk.ADT-Demo";
				PRODUCT_NAME = "$(TARGET_NAME)";
				SWIFT_EMIT_LOC_STRINGS = YES;
				SWIFT_VERSION = 5.0;
				TARGETED_DEVICE_FAMILY = "1,2";
			};
			name = Release;
		};
		54028DD52A29074A002DF227 /* Debug */ = {
			isa = XCBuildConfiguration;
			buildSettings = {
				ALWAYS_EMBED_SWIFT_STANDARD_LIBRARIES = YES;
				BUNDLE_LOADER = "$(TEST_HOST)";
				CODE_SIGN_STYLE = Automatic;
				CURRENT_PROJECT_VERSION = 1;
				DEVELOPMENT_TEAM = R38R58XREB;
				GENERATE_INFOPLIST_FILE = YES;
				IPHONEOS_DEPLOYMENT_TARGET = 16.4;
				MARKETING_VERSION = 1.0;
				PRODUCT_BUNDLE_IDENTIFIER = "com.kaykay.kk.ADT-DemoTests";
				PRODUCT_NAME = "$(TARGET_NAME)";
				SWIFT_EMIT_LOC_STRINGS = NO;
				SWIFT_VERSION = 5.0;
				TARGETED_DEVICE_FAMILY = "1,2";
				TEST_HOST = "$(BUILT_PRODUCTS_DIR)/ADT-Demo.app/$(BUNDLE_EXECUTABLE_FOLDER_PATH)/ADT-Demo";
			};
			name = Debug;
		};
		54028DD62A29074A002DF227 /* Release */ = {
			isa = XCBuildConfiguration;
			buildSettings = {
				ALWAYS_EMBED_SWIFT_STANDARD_LIBRARIES = YES;
				BUNDLE_LOADER = "$(TEST_HOST)";
				CODE_SIGN_STYLE = Automatic;
				CURRENT_PROJECT_VERSION = 1;
				DEVELOPMENT_TEAM = R38R58XREB;
				GENERATE_INFOPLIST_FILE = YES;
				IPHONEOS_DEPLOYMENT_TARGET = 16.4;
				MARKETING_VERSION = 1.0;
				PRODUCT_BUNDLE_IDENTIFIER = "com.kaykay.kk.ADT-DemoTests";
				PRODUCT_NAME = "$(TARGET_NAME)";
				SWIFT_EMIT_LOC_STRINGS = NO;
				SWIFT_VERSION = 5.0;
				TARGETED_DEVICE_FAMILY = "1,2";
				TEST_HOST = "$(BUILT_PRODUCTS_DIR)/ADT-Demo.app/$(BUNDLE_EXECUTABLE_FOLDER_PATH)/ADT-Demo";
			};
			name = Release;
		};
		54028DD82A29074A002DF227 /* Debug */ = {
			isa = XCBuildConfiguration;
			buildSettings = {
				ALWAYS_EMBED_SWIFT_STANDARD_LIBRARIES = YES;
				CODE_SIGN_STYLE = Automatic;
				CURRENT_PROJECT_VERSION = 1;
				DEVELOPMENT_TEAM = R38R58XREB;
				GENERATE_INFOPLIST_FILE = YES;
				MARKETING_VERSION = 1.0;
				PRODUCT_BUNDLE_IDENTIFIER = "com.kaykay.kk.ADT-DemoUITests";
				PRODUCT_NAME = "$(TARGET_NAME)";
				SWIFT_EMIT_LOC_STRINGS = NO;
				SWIFT_VERSION = 5.0;
				TARGETED_DEVICE_FAMILY = "1,2";
				TEST_TARGET_NAME = "ADT-Demo";
			};
			name = Debug;
		};
		54028DD92A29074A002DF227 /* Release */ = {
			isa = XCBuildConfiguration;
			buildSettings = {
				ALWAYS_EMBED_SWIFT_STANDARD_LIBRARIES = YES;
				CODE_SIGN_STYLE = Automatic;
				CURRENT_PROJECT_VERSION = 1;
				DEVELOPMENT_TEAM = R38R58XREB;
				GENERATE_INFOPLIST_FILE = YES;
				MARKETING_VERSION = 1.0;
				PRODUCT_BUNDLE_IDENTIFIER = "com.kaykay.kk.ADT-DemoUITests";
				PRODUCT_NAME = "$(TARGET_NAME)";
				SWIFT_EMIT_LOC_STRINGS = NO;
				SWIFT_VERSION = 5.0;
				TARGETED_DEVICE_FAMILY = "1,2";
				TEST_TARGET_NAME = "ADT-Demo";
			};
			name = Release;
		};
/* End XCBuildConfiguration section */

/* Begin XCConfigurationList section */
		54028DA82A290746002DF227 /* Build configuration list for PBXProject "ADT-Demo" */ = {
			isa = XCConfigurationList;
			buildConfigurations = (
				54028DCF2A29074A002DF227 /* Debug */,
				54028DD02A29074A002DF227 /* Release */,
			);
			defaultConfigurationIsVisible = 0;
			defaultConfigurationName = Release;
		};
		54028DD12A29074A002DF227 /* Build configuration list for PBXNativeTarget "ADT-Demo" */ = {
			isa = XCConfigurationList;
			buildConfigurations = (
				54028DD22A29074A002DF227 /* Debug */,
				54028DD32A29074A002DF227 /* Release */,
			);
			defaultConfigurationIsVisible = 0;
			defaultConfigurationName = Release;
		};
		54028DD42A29074A002DF227 /* Build configuration list for PBXNativeTarget "ADT-DemoTests" */ = {
			isa = XCConfigurationList;
			buildConfigurations = (
				54028DD52A29074A002DF227 /* Debug */,
				54028DD62A29074A002DF227 /* Release */,
			);
			defaultConfigurationIsVisible = 0;
			defaultConfigurationName = Release;
		};
		54028DD72A29074A002DF227 /* Build configuration list for PBXNativeTarget "ADT-DemoUITests" */ = {
			isa = XCConfigurationList;
			buildConfigurations = (
				54028DD82A29074A002DF227 /* Debug */,
				54028DD92A29074A002DF227 /* Release */,
			);
			defaultConfigurationIsVisible = 0;
			defaultConfigurationName = Release;
		};
/* End XCConfigurationList section */
	};
	rootObject = 54028DA52A290746002DF227 /* Project object */;
}
